
Microsoft Visual Studio Solution File, Format Version 12.00
# Visual Studio Version 17
VisualStudioVersion = 17.2.32516.85
MinimumVisualStudioVersion = 10.0.40219.1
Project("{FAE04EC0-301F-11D3-BF4B-00C04F79EFBC}") = "Сalculator", "Сalculator\Сalculator.csproj", "{7203415F-AFB2-41B5-B9CC-B82DA604C070}"
EndProject
Global
	GlobalSection(SolutionConfigurationPlatforms) = preSolution
		Debug|Any CPU = Debug|Any CPU
		Release|Any CPU = Release|Any CPU
	EndGlobalSection
	GlobalSection(ProjectConfigurationPlatforms) = postSolution
		{7203415F-AFB2-41B5-B9CC-B82DA604C070}.Debug|Any CPU.ActiveCfg = Debug|Any CPU
		{7203415F-AFB2-41B5-B9CC-B82DA604C070}.Debug|Any CPU.Build.0 = Debug|Any CPU
		{7203415F-AFB2-41B5-B9CC-B82DA604C070}.Release|Any CPU.ActiveCfg = Release|Any CPU
		{7203415F-AFB2-41B5-B9CC-B82DA604C070}.Release|Any CPU.Build.0 = Release|Any CPU
	EndGlobalSection
	GlobalSection(SolutionProperties) = preSolution
		HideSolutionNode = FALSE
	EndGlobalSection
	GlobalSection(ExtensibilityGlobals) = postSolution
		SolutionGuid = {275D4BF1-10ED-4D70-AB33-5F5080F7226D}
	EndGlobalSection
EndGlobal
